// !$*UTF8*$!
{
	archiveVersion = 1;
	classes = {
	};
	objectVersion = 56;
	objects = {

/* Begin PBXBuildFile section */
		B70FCA992A90DC1900492A75 /* ARKit.framework in Frameworks */ = {isa = PBXBuildFile; fileRef = B70FCA982A90DC1900492A75 /* ARKit.framework */; };
		B726A86629ED62B60054767C /* ToDoItemsViewController.swift in Sources */ = {isa = PBXBuildFile; fileRef = B726A86529ED62B60054767C /* ToDoItemsViewController.swift */; };
		B726A86A29ED80320054767C /* ToDoListItemTableViewCell.swift in Sources */ = {isa = PBXBuildFile; fileRef = B726A86829ED80320054767C /* ToDoListItemTableViewCell.swift */; };
		B726A86B29ED80320054767C /* ToDoListItemTableViewCell.xib in Resources */ = {isa = PBXBuildFile; fileRef = B726A86929ED80320054767C /* ToDoListItemTableViewCell.xib */; };
		B726A86D29ED9B210054767C /* NewToDoListItemViewController.swift in Sources */ = {isa = PBXBuildFile; fileRef = B726A86C29ED9B210054767C /* NewToDoListItemViewController.swift */; };
		B730386329EC05860057A099 /* Colors.xcassets in Resources */ = {isa = PBXBuildFile; fileRef = B730386229EC05860057A099 /* Colors.xcassets */; };
		B730386629EC06BA0057A099 /* UIColor+Extension.swift in Sources */ = {isa = PBXBuildFile; fileRef = B730386529EC06BA0057A099 /* UIColor+Extension.swift */; };
		B7433A8D29FEA76800CEF78F /* ResponderStoryboard.storyboard in Resources */ = {isa = PBXBuildFile; fileRef = B7433A8C29FEA76800CEF78F /* ResponderStoryboard.storyboard */; };
		B7438FAB2A8E90F300EE6B6A /* AugmentedRealityStoryboard.storyboard in Resources */ = {isa = PBXBuildFile; fileRef = B7438FAA2A8E90F300EE6B6A /* AugmentedRealityStoryboard.storyboard */; };
		B77BB88A2A096151002BE62B /* WebViewStoryboard.storyboard in Resources */ = {isa = PBXBuildFile; fileRef = B77BB8892A096151002BE62B /* WebViewStoryboard.storyboard */; };
		B77BB88C2A096394002BE62B /* WebViewController.swift in Sources */ = {isa = PBXBuildFile; fileRef = B77BB88B2A096394002BE62B /* WebViewController.swift */; };
		B77BB88F2A096704002BE62B /* WebKit.framework in Frameworks */ = {isa = PBXBuildFile; fileRef = B77BB88E2A096703002BE62B /* WebKit.framework */; };
		B77F1C5A29FF9B5F00DFED91 /* CustomUIView.swift in Sources */ = {isa = PBXBuildFile; fileRef = B77F1C5929FF9B5F00DFED91 /* CustomUIView.swift */; };
		B78819742A002A110046E39E /* ResponderExamplesViewController.swift in Sources */ = {isa = PBXBuildFile; fileRef = B78819732A002A110046E39E /* ResponderExamplesViewController.swift */; };
		B78819762A0031610046E39E /* ManipulateResponderViewController.swift in Sources */ = {isa = PBXBuildFile; fileRef = B78819752A0031610046E39E /* ManipulateResponderViewController.swift */; };
		B79340D72AC0307800F527CB /* CircularProgressView.swift in Sources */ = {isa = PBXBuildFile; fileRef = B79340D62AC0307800F527CB /* CircularProgressView.swift */; };
		B79340D92AC1F4A500F527CB /* CircularProgressViewModel.swift in Sources */ = {isa = PBXBuildFile; fileRef = B79340D82AC1F4A500F527CB /* CircularProgressViewModel.swift */; };
		B79AFF1929EDBDFA00A947E6 /* ToDoItemsViewModel.swift in Sources */ = {isa = PBXBuildFile; fileRef = B79AFF1829EDBDFA00A947E6 /* ToDoItemsViewModel.swift */; };
		B7AFDCD029EC6FEA00A52695 /* ToDoItem+CoreDataClass.swift in Sources */ = {isa = PBXBuildFile; fileRef = B7AFDCCE29EC6FEA00A52695 /* ToDoItem+CoreDataClass.swift */; };
		B7AFDCD129EC6FEA00A52695 /* ToDoItem+CoreDataProperties.swift in Sources */ = {isa = PBXBuildFile; fileRef = B7AFDCCF29EC6FEA00A52695 /* ToDoItem+CoreDataProperties.swift */; };
		B7BB2BDE29EB13F7005D8FE9 /* AppDelegate.swift in Sources */ = {isa = PBXBuildFile; fileRef = B7BB2BDD29EB13F7005D8FE9 /* AppDelegate.swift */; };
		B7BB2BE029EB13F7005D8FE9 /* SceneDelegate.swift in Sources */ = {isa = PBXBuildFile; fileRef = B7BB2BDF29EB13F7005D8FE9 /* SceneDelegate.swift */; };
		B7BB2BE229EB13F7005D8FE9 /* ViewController.swift in Sources */ = {isa = PBXBuildFile; fileRef = B7BB2BE129EB13F7005D8FE9 /* ViewController.swift */; };
		B7BB2BE529EB13F7005D8FE9 /* Main.storyboard in Resources */ = {isa = PBXBuildFile; fileRef = B7BB2BE329EB13F7005D8FE9 /* Main.storyboard */; };
		B7BB2BE829EB13F7005D8FE9 /* UIKitLearnings.xcdatamodeld in Sources */ = {isa = PBXBuildFile; fileRef = B7BB2BE629EB13F7005D8FE9 /* UIKitLearnings.xcdatamodeld */; };
		B7BB2BEA29EB13FB005D8FE9 /* Assets.xcassets in Resources */ = {isa = PBXBuildFile; fileRef = B7BB2BE929EB13FB005D8FE9 /* Assets.xcassets */; };
		B7BB2BED29EB13FB005D8FE9 /* LaunchScreen.storyboard in Resources */ = {isa = PBXBuildFile; fileRef = B7BB2BEB29EB13FB005D8FE9 /* LaunchScreen.storyboard */; };
		B7BB2BF829EB13FC005D8FE9 /* UIKitLearningsTests.swift in Sources */ = {isa = PBXBuildFile; fileRef = B7BB2BF729EB13FC005D8FE9 /* UIKitLearningsTests.swift */; };
		B7BB2C0229EB13FC005D8FE9 /* UIKitLearningsUITests.swift in Sources */ = {isa = PBXBuildFile; fileRef = B7BB2C0129EB13FC005D8FE9 /* UIKitLearningsUITests.swift */; };
		B7BB2C0429EB13FC005D8FE9 /* UIKitLearningsUITestsLaunchTests.swift in Sources */ = {isa = PBXBuildFile; fileRef = B7BB2C0329EB13FC005D8FE9 /* UIKitLearningsUITestsLaunchTests.swift */; };
		B7C48DBC2A8FDD0300F392CB /* AugmentedRealityViewController.swift in Sources */ = {isa = PBXBuildFile; fileRef = B7C48DBB2A8FDD0300F392CB /* AugmentedRealityViewController.swift */; };
		B7D501DA29FED9F000DFA063 /* ResponderViewController.swift in Sources */ = {isa = PBXBuildFile; fileRef = B7D501D929FED9F000DFA063 /* ResponderViewController.swift */; };
		B7F931EE2ABF42FE0049CC0B /* AnimationsStoryboard.storyboard in Resources */ = {isa = PBXBuildFile; fileRef = B7F931ED2ABF42FE0049CC0B /* AnimationsStoryboard.storyboard */; };
		B7F931F02ABF44D60049CC0B /* AnimationsViewController.swift in Sources */ = {isa = PBXBuildFile; fileRef = B7F931EF2ABF44D60049CC0B /* AnimationsViewController.swift */; };
/* End PBXBuildFile section */

/* Begin PBXContainerItemProxy section */
		B7BB2BF429EB13FC005D8FE9 /* PBXContainerItemProxy */ = {
			isa = PBXContainerItemProxy;
			containerPortal = B7BB2BD229EB13F6005D8FE9 /* Project object */;
			proxyType = 1;
			remoteGlobalIDString = B7BB2BD929EB13F7005D8FE9;
			remoteInfo = UIKitLearnings;
		};
		B7BB2BFE29EB13FC005D8FE9 /* PBXContainerItemProxy */ = {
			isa = PBXContainerItemProxy;
			containerPortal = B7BB2BD229EB13F6005D8FE9 /* Project object */;
			proxyType = 1;
			remoteGlobalIDString = B7BB2BD929EB13F7005D8FE9;
			remoteInfo = UIKitLearnings;
		};
/* End PBXContainerItemProxy section */

/* Begin PBXFileReference section */
		B70FCA982A90DC1900492A75 /* ARKit.framework */ = {isa = PBXFileReference; lastKnownFileType = wrapper.framework; name = ARKit.framework; path = System/Library/Frameworks/ARKit.framework; sourceTree = SDKROOT; };
		B726A86529ED62B60054767C /* ToDoItemsViewController.swift */ = {isa = PBXFileReference; lastKnownFileType = sourcecode.swift; path = ToDoItemsViewController.swift; sourceTree = "<group>"; };
		B726A86829ED80320054767C /* ToDoListItemTableViewCell.swift */ = {isa = PBXFileReference; lastKnownFileType = sourcecode.swift; path = ToDoListItemTableViewCell.swift; sourceTree = "<group>"; };
		B726A86929ED80320054767C /* ToDoListItemTableViewCell.xib */ = {isa = PBXFileReference; lastKnownFileType = file.xib; path = ToDoListItemTableViewCell.xib; sourceTree = "<group>"; };
		B726A86C29ED9B210054767C /* NewToDoListItemViewController.swift */ = {isa = PBXFileReference; lastKnownFileType = sourcecode.swift; path = NewToDoListItemViewController.swift; sourceTree = "<group>"; };
		B730386229EC05860057A099 /* Colors.xcassets */ = {isa = PBXFileReference; lastKnownFileType = folder.assetcatalog; path = Colors.xcassets; sourceTree = "<group>"; };
		B730386529EC06BA0057A099 /* UIColor+Extension.swift */ = {isa = PBXFileReference; lastKnownFileType = sourcecode.swift; path = "UIColor+Extension.swift"; sourceTree = "<group>"; };
		B7433A8C29FEA76800CEF78F /* ResponderStoryboard.storyboard */ = {isa = PBXFileReference; lastKnownFileType = file.storyboard; path = ResponderStoryboard.storyboard; sourceTree = "<group>"; };
		B7438FAA2A8E90F300EE6B6A /* AugmentedRealityStoryboard.storyboard */ = {isa = PBXFileReference; lastKnownFileType = file.storyboard; path = AugmentedRealityStoryboard.storyboard; sourceTree = "<group>"; };
		B77BB8892A096151002BE62B /* WebViewStoryboard.storyboard */ = {isa = PBXFileReference; lastKnownFileType = file.storyboard; path = WebViewStoryboard.storyboard; sourceTree = "<group>"; };
		B77BB88B2A096394002BE62B /* WebViewController.swift */ = {isa = PBXFileReference; lastKnownFileType = sourcecode.swift; path = WebViewController.swift; sourceTree = "<group>"; };
		B77BB88E2A096703002BE62B /* WebKit.framework */ = {isa = PBXFileReference; lastKnownFileType = wrapper.framework; name = WebKit.framework; path = System/Library/Frameworks/WebKit.framework; sourceTree = SDKROOT; };
		B77F1C5929FF9B5F00DFED91 /* CustomUIView.swift */ = {isa = PBXFileReference; lastKnownFileType = sourcecode.swift; path = CustomUIView.swift; sourceTree = "<group>"; };
		B78819732A002A110046E39E /* ResponderExamplesViewController.swift */ = {isa = PBXFileReference; lastKnownFileType = sourcecode.swift; path = ResponderExamplesViewController.swift; sourceTree = "<group>"; };
		B78819752A0031610046E39E /* ManipulateResponderViewController.swift */ = {isa = PBXFileReference; lastKnownFileType = sourcecode.swift; path = ManipulateResponderViewController.swift; sourceTree = "<group>"; };
		B79340D62AC0307800F527CB /* CircularProgressView.swift */ = {isa = PBXFileReference; lastKnownFileType = sourcecode.swift; path = CircularProgressView.swift; sourceTree = "<group>"; };
		B79340D82AC1F4A500F527CB /* CircularProgressViewModel.swift */ = {isa = PBXFileReference; lastKnownFileType = sourcecode.swift; path = CircularProgressViewModel.swift; sourceTree = "<group>"; };
		B79AFF1829EDBDFA00A947E6 /* ToDoItemsViewModel.swift */ = {isa = PBXFileReference; lastKnownFileType = sourcecode.swift; path = ToDoItemsViewModel.swift; sourceTree = "<group>"; };
		B7AFDCCE29EC6FEA00A52695 /* ToDoItem+CoreDataClass.swift */ = {isa = PBXFileReference; lastKnownFileType = sourcecode.swift; path = "ToDoItem+CoreDataClass.swift"; sourceTree = "<group>"; };
		B7AFDCCF29EC6FEA00A52695 /* ToDoItem+CoreDataProperties.swift */ = {isa = PBXFileReference; lastKnownFileType = sourcecode.swift; path = "ToDoItem+CoreDataProperties.swift"; sourceTree = "<group>"; };
		B7BB2BDA29EB13F7005D8FE9 /* UIKitLearnings.app */ = {isa = PBXFileReference; explicitFileType = wrapper.application; includeInIndex = 0; path = UIKitLearnings.app; sourceTree = BUILT_PRODUCTS_DIR; };
		B7BB2BDD29EB13F7005D8FE9 /* AppDelegate.swift */ = {isa = PBXFileReference; lastKnownFileType = sourcecode.swift; path = AppDelegate.swift; sourceTree = "<group>"; };
		B7BB2BDF29EB13F7005D8FE9 /* SceneDelegate.swift */ = {isa = PBXFileReference; lastKnownFileType = sourcecode.swift; path = SceneDelegate.swift; sourceTree = "<group>"; };
		B7BB2BE129EB13F7005D8FE9 /* ViewController.swift */ = {isa = PBXFileReference; lastKnownFileType = sourcecode.swift; path = ViewController.swift; sourceTree = "<group>"; };
		B7BB2BE429EB13F7005D8FE9 /* Base */ = {isa = PBXFileReference; lastKnownFileType = file.storyboard; name = Base; path = Base.lproj/Main.storyboard; sourceTree = "<group>"; };
		B7BB2BE729EB13F7005D8FE9 /* UIKitLearnings.xcdatamodel */ = {isa = PBXFileReference; lastKnownFileType = wrapper.xcdatamodel; path = UIKitLearnings.xcdatamodel; sourceTree = "<group>"; };
		B7BB2BE929EB13FB005D8FE9 /* Assets.xcassets */ = {isa = PBXFileReference; lastKnownFileType = folder.assetcatalog; path = Assets.xcassets; sourceTree = "<group>"; };
		B7BB2BEC29EB13FB005D8FE9 /* Base */ = {isa = PBXFileReference; lastKnownFileType = file.storyboard; name = Base; path = Base.lproj/LaunchScreen.storyboard; sourceTree = "<group>"; };
		B7BB2BEE29EB13FB005D8FE9 /* Info.plist */ = {isa = PBXFileReference; lastKnownFileType = text.plist.xml; path = Info.plist; sourceTree = "<group>"; };
		B7BB2BF329EB13FC005D8FE9 /* UIKitLearningsTests.xctest */ = {isa = PBXFileReference; explicitFileType = wrapper.cfbundle; includeInIndex = 0; path = UIKitLearningsTests.xctest; sourceTree = BUILT_PRODUCTS_DIR; };
		B7BB2BF729EB13FC005D8FE9 /* UIKitLearningsTests.swift */ = {isa = PBXFileReference; lastKnownFileType = sourcecode.swift; path = UIKitLearningsTests.swift; sourceTree = "<group>"; };
		B7BB2BFD29EB13FC005D8FE9 /* UIKitLearningsUITests.xctest */ = {isa = PBXFileReference; explicitFileType = wrapper.cfbundle; includeInIndex = 0; path = UIKitLearningsUITests.xctest; sourceTree = BUILT_PRODUCTS_DIR; };
		B7BB2C0129EB13FC005D8FE9 /* UIKitLearningsUITests.swift */ = {isa = PBXFileReference; lastKnownFileType = sourcecode.swift; path = UIKitLearningsUITests.swift; sourceTree = "<group>"; };
		B7BB2C0329EB13FC005D8FE9 /* UIKitLearningsUITestsLaunchTests.swift */ = {isa = PBXFileReference; lastKnownFileType = sourcecode.swift; path = UIKitLearningsUITestsLaunchTests.swift; sourceTree = "<group>"; };
		B7C48DBB2A8FDD0300F392CB /* AugmentedRealityViewController.swift */ = {isa = PBXFileReference; lastKnownFileType = sourcecode.swift; path = AugmentedRealityViewController.swift; sourceTree = "<group>"; };
		B7D501D929FED9F000DFA063 /* ResponderViewController.swift */ = {isa = PBXFileReference; lastKnownFileType = sourcecode.swift; path = ResponderViewController.swift; sourceTree = "<group>"; };
		B7F931ED2ABF42FE0049CC0B /* AnimationsStoryboard.storyboard */ = {isa = PBXFileReference; lastKnownFileType = file.storyboard; path = AnimationsStoryboard.storyboard; sourceTree = "<group>"; };
		B7F931EF2ABF44D60049CC0B /* AnimationsViewController.swift */ = {isa = PBXFileReference; lastKnownFileType = sourcecode.swift; path = AnimationsViewController.swift; sourceTree = "<group>"; };
/* End PBXFileReference section */

/* Begin PBXFrameworksBuildPhase section */
		B7BB2BD729EB13F7005D8FE9 /* Frameworks */ = {
			isa = PBXFrameworksBuildPhase;
			buildActionMask = 2147483647;
			files = (
				B70FCA992A90DC1900492A75 /* ARKit.framework in Frameworks */,
				B77BB88F2A096704002BE62B /* WebKit.framework in Frameworks */,
			);
			runOnlyForDeploymentPostprocessing = 0;
		};
		B7BB2BF029EB13FC005D8FE9 /* Frameworks */ = {
			isa = PBXFrameworksBuildPhase;
			buildActionMask = 2147483647;
			files = (
			);
			runOnlyForDeploymentPostprocessing = 0;
		};
		B7BB2BFA29EB13FC005D8FE9 /* Frameworks */ = {
			isa = PBXFrameworksBuildPhase;
			buildActionMask = 2147483647;
			files = (
			);
			runOnlyForDeploymentPostprocessing = 0;
		};
/* End PBXFrameworksBuildPhase section */

/* Begin PBXGroup section */
		B726A86729ED7FF80054767C /* ToDoList */ = {
			isa = PBXGroup;
			children = (
				B726A86529ED62B60054767C /* ToDoItemsViewController.swift */,
				B726A86829ED80320054767C /* ToDoListItemTableViewCell.swift */,
				B726A86929ED80320054767C /* ToDoListItemTableViewCell.xib */,
				B726A86C29ED9B210054767C /* NewToDoListItemViewController.swift */,
				B79AFF1829EDBDFA00A947E6 /* ToDoItemsViewModel.swift */,
			);
			path = ToDoList;
			sourceTree = "<group>";
		};
		B730386429EC069F0057A099 /* Extensions */ = {
			isa = PBXGroup;
			children = (
				B730386529EC06BA0057A099 /* UIColor+Extension.swift */,
			);
			path = Extensions;
			sourceTree = "<group>";
		};
		B7433A8B29FE9F3100CEF78F /* Responder */ = {
			isa = PBXGroup;
			children = (
				B7433A8C29FEA76800CEF78F /* ResponderStoryboard.storyboard */,
				B7D501D929FED9F000DFA063 /* ResponderViewController.swift */,
				B77F1C5929FF9B5F00DFED91 /* CustomUIView.swift */,
				B78819732A002A110046E39E /* ResponderExamplesViewController.swift */,
				B78819752A0031610046E39E /* ManipulateResponderViewController.swift */,
			);
			path = Responder;
			sourceTree = "<group>";
		};
		B7438FA92A8E905200EE6B6A /* AugmentedReality */ = {
			isa = PBXGroup;
			children = (
				B7438FAA2A8E90F300EE6B6A /* AugmentedRealityStoryboard.storyboard */,
				B7C48DBB2A8FDD0300F392CB /* AugmentedRealityViewController.swift */,
			);
			path = AugmentedReality;
			sourceTree = "<group>";
		};
		B77BB8882A0960D0002BE62B /* WebView */ = {
			isa = PBXGroup;
			children = (
				B77BB8892A096151002BE62B /* WebViewStoryboard.storyboard */,
				B77BB88B2A096394002BE62B /* WebViewController.swift */,
			);
			path = WebView;
			sourceTree = "<group>";
		};
		B77BB88D2A096702002BE62B /* Frameworks */ = {
			isa = PBXGroup;
			children = (
				B70FCA982A90DC1900492A75 /* ARKit.framework */,
				B77BB88E2A096703002BE62B /* WebKit.framework */,
			);
			name = Frameworks;
			sourceTree = "<group>";
		};
		B7AFDCD229EC6FFE00A52695 /* CoreData */ = {
			isa = PBXGroup;
			children = (
				B7AFDCCE29EC6FEA00A52695 /* ToDoItem+CoreDataClass.swift */,
				B7AFDCCF29EC6FEA00A52695 /* ToDoItem+CoreDataProperties.swift */,
				B7BB2BE629EB13F7005D8FE9 /* UIKitLearnings.xcdatamodeld */,
			);
			path = CoreData;
			sourceTree = "<group>";
		};
		B7BB2BD129EB13F6005D8FE9 = {
			isa = PBXGroup;
			children = (
				B7BB2BDC29EB13F7005D8FE9 /* UIKitLearnings */,
				B7BB2BF629EB13FC005D8FE9 /* UIKitLearningsTests */,
				B7BB2C0029EB13FC005D8FE9 /* UIKitLearningsUITests */,
				B7BB2BDB29EB13F7005D8FE9 /* Products */,
				B77BB88D2A096702002BE62B /* Frameworks */,
			);
			sourceTree = "<group>";
		};
		B7BB2BDB29EB13F7005D8FE9 /* Products */ = {
			isa = PBXGroup;
			children = (
				B7BB2BDA29EB13F7005D8FE9 /* UIKitLearnings.app */,
				B7BB2BF329EB13FC005D8FE9 /* UIKitLearningsTests.xctest */,
				B7BB2BFD29EB13FC005D8FE9 /* UIKitLearningsUITests.xctest */,
			);
			name = Products;
			sourceTree = "<group>";
		};
		B7BB2BDC29EB13F7005D8FE9 /* UIKitLearnings */ = {
			isa = PBXGroup;
			children = (
				B7F931EC2ABF42D70049CC0B /* Animations */,
				B7438FA92A8E905200EE6B6A /* AugmentedReality */,
				B77BB8882A0960D0002BE62B /* WebView */,
				B7433A8B29FE9F3100CEF78F /* Responder */,
				B726A86729ED7FF80054767C /* ToDoList */,
				B7AFDCD229EC6FFE00A52695 /* CoreData */,
				B730386429EC069F0057A099 /* Extensions */,
				B7BB2BDD29EB13F7005D8FE9 /* AppDelegate.swift */,
				B7BB2BDF29EB13F7005D8FE9 /* SceneDelegate.swift */,
				B7BB2BE129EB13F7005D8FE9 /* ViewController.swift */,
				B7BB2BE329EB13F7005D8FE9 /* Main.storyboard */,
				B7BB2BE929EB13FB005D8FE9 /* Assets.xcassets */,
				B7BB2BEB29EB13FB005D8FE9 /* LaunchScreen.storyboard */,
				B7BB2BEE29EB13FB005D8FE9 /* Info.plist */,
				B730386229EC05860057A099 /* Colors.xcassets */,
			);
			path = UIKitLearnings;
			sourceTree = "<group>";
		};
		B7BB2BF629EB13FC005D8FE9 /* UIKitLearningsTests */ = {
			isa = PBXGroup;
			children = (
				B7BB2BF729EB13FC005D8FE9 /* UIKitLearningsTests.swift */,
			);
			path = UIKitLearningsTests;
			sourceTree = "<group>";
		};
		B7BB2C0029EB13FC005D8FE9 /* UIKitLearningsUITests */ = {
			isa = PBXGroup;
			children = (
				B7BB2C0129EB13FC005D8FE9 /* UIKitLearningsUITests.swift */,
				B7BB2C0329EB13FC005D8FE9 /* UIKitLearningsUITestsLaunchTests.swift */,
			);
			path = UIKitLearningsUITests;
			sourceTree = "<group>";
		};
		B7F931EC2ABF42D70049CC0B /* Animations */ = {
			isa = PBXGroup;
			children = (
				B7F931ED2ABF42FE0049CC0B /* AnimationsStoryboard.storyboard */,
				B7F931EF2ABF44D60049CC0B /* AnimationsViewController.swift */,
				B79340D62AC0307800F527CB /* CircularProgressView.swift */,
				B79340D82AC1F4A500F527CB /* CircularProgressViewModel.swift */,
			);
			path = Animations;
			sourceTree = "<group>";
		};
/* End PBXGroup section */

/* Begin PBXNativeTarget section */
		B7BB2BD929EB13F7005D8FE9 /* UIKitLearnings */ = {
			isa = PBXNativeTarget;
			buildConfigurationList = B7BB2C0729EB13FC005D8FE9 /* Build configuration list for PBXNativeTarget "UIKitLearnings" */;
			buildPhases = (
				B7BB2BD629EB13F7005D8FE9 /* Sources */,
				B7BB2BD729EB13F7005D8FE9 /* Frameworks */,
				B7BB2BD829EB13F7005D8FE9 /* Resources */,
			);
			buildRules = (
			);
			dependencies = (
			);
			name = UIKitLearnings;
			productName = UIKitLearnings;
			productReference = B7BB2BDA29EB13F7005D8FE9 /* UIKitLearnings.app */;
			productType = "com.apple.product-type.application";
		};
		B7BB2BF229EB13FC005D8FE9 /* UIKitLearningsTests */ = {
			isa = PBXNativeTarget;
			buildConfigurationList = B7BB2C0A29EB13FC005D8FE9 /* Build configuration list for PBXNativeTarget "UIKitLearningsTests" */;
			buildPhases = (
				B7BB2BEF29EB13FC005D8FE9 /* Sources */,
				B7BB2BF029EB13FC005D8FE9 /* Frameworks */,
				B7BB2BF129EB13FC005D8FE9 /* Resources */,
			);
			buildRules = (
			);
			dependencies = (
				B7BB2BF529EB13FC005D8FE9 /* PBXTargetDependency */,
			);
			name = UIKitLearningsTests;
			productName = UIKitLearningsTests;
			productReference = B7BB2BF329EB13FC005D8FE9 /* UIKitLearningsTests.xctest */;
			productType = "com.apple.product-type.bundle.unit-test";
		};
		B7BB2BFC29EB13FC005D8FE9 /* UIKitLearningsUITests */ = {
			isa = PBXNativeTarget;
			buildConfigurationList = B7BB2C0D29EB13FC005D8FE9 /* Build configuration list for PBXNativeTarget "UIKitLearningsUITests" */;
			buildPhases = (
				B7BB2BF929EB13FC005D8FE9 /* Sources */,
				B7BB2BFA29EB13FC005D8FE9 /* Frameworks */,
				B7BB2BFB29EB13FC005D8FE9 /* Resources */,
			);
			buildRules = (
			);
			dependencies = (
				B7BB2BFF29EB13FC005D8FE9 /* PBXTargetDependency */,
			);
			name = UIKitLearningsUITests;
			productName = UIKitLearningsUITests;
			productReference = B7BB2BFD29EB13FC005D8FE9 /* UIKitLearningsUITests.xctest */;
			productType = "com.apple.product-type.bundle.ui-testing";
		};
/* End PBXNativeTarget section */

/* Begin PBXProject section */
		B7BB2BD229EB13F6005D8FE9 /* Project object */ = {
			isa = PBXProject;
			attributes = {
				BuildIndependentTargetsInParallel = 1;
				LastSwiftUpdateCheck = 1420;
				LastUpgradeCheck = 1420;
				TargetAttributes = {
					B7BB2BD929EB13F7005D8FE9 = {
						CreatedOnToolsVersion = 14.2;
					};
					B7BB2BF229EB13FC005D8FE9 = {
						CreatedOnToolsVersion = 14.2;
						TestTargetID = B7BB2BD929EB13F7005D8FE9;
					};
					B7BB2BFC29EB13FC005D8FE9 = {
						CreatedOnToolsVersion = 14.2;
						TestTargetID = B7BB2BD929EB13F7005D8FE9;
					};
				};
			};
			buildConfigurationList = B7BB2BD529EB13F6005D8FE9 /* Build configuration list for PBXProject "UIKitLearnings" */;
			compatibilityVersion = "Xcode 14.0";
			developmentRegion = en;
			hasScannedForEncodings = 0;
			knownRegions = (
				en,
				Base,
			);
			mainGroup = B7BB2BD129EB13F6005D8FE9;
			productRefGroup = B7BB2BDB29EB13F7005D8FE9 /* Products */;
			projectDirPath = "";
			projectRoot = "";
			targets = (
				B7BB2BD929EB13F7005D8FE9 /* UIKitLearnings */,
				B7BB2BF229EB13FC005D8FE9 /* UIKitLearningsTests */,
				B7BB2BFC29EB13FC005D8FE9 /* UIKitLearningsUITests */,
			);
		};
/* End PBXProject section */

/* Begin PBXResourcesBuildPhase section */
		B7BB2BD829EB13F7005D8FE9 /* Resources */ = {
			isa = PBXResourcesBuildPhase;
			buildActionMask = 2147483647;
			files = (
				B7433A8D29FEA76800CEF78F /* ResponderStoryboard.storyboard in Resources */,
				B7438FAB2A8E90F300EE6B6A /* AugmentedRealityStoryboard.storyboard in Resources */,
				B7BB2BED29EB13FB005D8FE9 /* LaunchScreen.storyboard in Resources */,
				B77BB88A2A096151002BE62B /* WebViewStoryboard.storyboard in Resources */,
				B730386329EC05860057A099 /* Colors.xcassets in Resources */,
				B7BB2BEA29EB13FB005D8FE9 /* Assets.xcassets in Resources */,
				B726A86B29ED80320054767C /* ToDoListItemTableViewCell.xib in Resources */,
				B7F931EE2ABF42FE0049CC0B /* AnimationsStoryboard.storyboard in Resources */,
				B7BB2BE529EB13F7005D8FE9 /* Main.storyboard in Resources */,
			);
			runOnlyForDeploymentPostprocessing = 0;
		};
		B7BB2BF129EB13FC005D8FE9 /* Resources */ = {
			isa = PBXResourcesBuildPhase;
			buildActionMask = 2147483647;
			files = (
			);
			runOnlyForDeploymentPostprocessing = 0;
		};
		B7BB2BFB29EB13FC005D8FE9 /* Resources */ = {
			isa = PBXResourcesBuildPhase;
			buildActionMask = 2147483647;
			files = (
			);
			runOnlyForDeploymentPostprocessing = 0;
		};
/* End PBXResourcesBuildPhase section */

/* Begin PBXSourcesBuildPhase section */
		B7BB2BD629EB13F7005D8FE9 /* Sources */ = {
			isa = PBXSourcesBuildPhase;
			buildActionMask = 2147483647;
			files = (
				B78819742A002A110046E39E /* ResponderExamplesViewController.swift in Sources */,
				B7BB2BE829EB13F7005D8FE9 /* UIKitLearnings.xcdatamodeld in Sources */,
				B79340D72AC0307800F527CB /* CircularProgressView.swift in Sources */,
				B7BB2BE229EB13F7005D8FE9 /* ViewController.swift in Sources */,
				B7F931F02ABF44D60049CC0B /* AnimationsViewController.swift in Sources */,
				B7BB2BDE29EB13F7005D8FE9 /* AppDelegate.swift in Sources */,
				B79AFF1929EDBDFA00A947E6 /* ToDoItemsViewModel.swift in Sources */,
				B7AFDCD129EC6FEA00A52695 /* ToDoItem+CoreDataProperties.swift in Sources */,
				B79340D92AC1F4A500F527CB /* CircularProgressViewModel.swift in Sources */,
				B77F1C5A29FF9B5F00DFED91 /* CustomUIView.swift in Sources */,
				B726A86A29ED80320054767C /* ToDoListItemTableViewCell.swift in Sources */,
				B7BB2BE029EB13F7005D8FE9 /* SceneDelegate.swift in Sources */,
				B726A86D29ED9B210054767C /* NewToDoListItemViewController.swift in Sources */,
				B7AFDCD029EC6FEA00A52695 /* ToDoItem+CoreDataClass.swift in Sources */,
				B7D501DA29FED9F000DFA063 /* ResponderViewController.swift in Sources */,
				B730386629EC06BA0057A099 /* UIColor+Extension.swift in Sources */,
				B726A86629ED62B60054767C /* ToDoItemsViewController.swift in Sources */,
				B7C48DBC2A8FDD0300F392CB /* AugmentedRealityViewController.swift in Sources */,
				B78819762A0031610046E39E /* ManipulateResponderViewController.swift in Sources */,
				B77BB88C2A096394002BE62B /* WebViewController.swift in Sources */,
			);
			runOnlyForDeploymentPostprocessing = 0;
		};
		B7BB2BEF29EB13FC005D8FE9 /* Sources */ = {
			isa = PBXSourcesBuildPhase;
			buildActionMask = 2147483647;
			files = (
				B7BB2BF829EB13FC005D8FE9 /* UIKitLearningsTests.swift in Sources */,
			);
			runOnlyForDeploymentPostprocessing = 0;
		};
		B7BB2BF929EB13FC005D8FE9 /* Sources */ = {
			isa = PBXSourcesBuildPhase;
			buildActionMask = 2147483647;
			files = (
				B7BB2C0229EB13FC005D8FE9 /* UIKitLearningsUITests.swift in Sources */,
				B7BB2C0429EB13FC005D8FE9 /* UIKitLearningsUITestsLaunchTests.swift in Sources */,
			);
			runOnlyForDeploymentPostprocessing = 0;
		};
/* End PBXSourcesBuildPhase section */

/* Begin PBXTargetDependency section */
		B7BB2BF529EB13FC005D8FE9 /* PBXTargetDependency */ = {
			isa = PBXTargetDependency;
			target = B7BB2BD929EB13F7005D8FE9 /* UIKitLearnings */;
			targetProxy = B7BB2BF429EB13FC005D8FE9 /* PBXContainerItemProxy */;
		};
		B7BB2BFF29EB13FC005D8FE9 /* PBXTargetDependency */ = {
			isa = PBXTargetDependency;
			target = B7BB2BD929EB13F7005D8FE9 /* UIKitLearnings */;
			targetProxy = B7BB2BFE29EB13FC005D8FE9 /* PBXContainerItemProxy */;
		};
/* End PBXTargetDependency section */

/* Begin PBXVariantGroup section */
		B7BB2BE329EB13F7005D8FE9 /* Main.storyboard */ = {
			isa = PBXVariantGroup;
			children = (
				B7BB2BE429EB13F7005D8FE9 /* Base */,
			);
			name = Main.storyboard;
			sourceTree = "<group>";
		};
		B7BB2BEB29EB13FB005D8FE9 /* LaunchScreen.storyboard */ = {
			isa = PBXVariantGroup;
			children = (
				B7BB2BEC29EB13FB005D8FE9 /* Base */,
			);
			name = LaunchScreen.storyboard;
			sourceTree = "<group>";
		};
/* End PBXVariantGroup section */

/* Begin XCBuildConfiguration section */
		B7BB2C0529EB13FC005D8FE9 /* Debug */ = {
			isa = XCBuildConfiguration;
			buildSettings = {
				ALWAYS_SEARCH_USER_PATHS = NO;
				CLANG_ANALYZER_NONNULL = YES;
				CLANG_ANALYZER_NUMBER_OBJECT_CONVERSION = YES_AGGRESSIVE;
				CLANG_CXX_LANGUAGE_STANDARD = "gnu++20";
				CLANG_ENABLE_MODULES = YES;
				CLANG_ENABLE_OBJC_ARC = YES;
				CLANG_ENABLE_OBJC_WEAK = YES;
				CLANG_WARN_BLOCK_CAPTURE_AUTORELEASING = YES;
				CLANG_WARN_BOOL_CONVERSION = YES;
				CLANG_WARN_COMMA = YES;
				CLANG_WARN_CONSTANT_CONVERSION = YES;
				CLANG_WARN_DEPRECATED_OBJC_IMPLEMENTATIONS = YES;
				CLANG_WARN_DIRECT_OBJC_ISA_USAGE = YES_ERROR;
				CLANG_WARN_DOCUMENTATION_COMMENTS = YES;
				CLANG_WARN_EMPTY_BODY = YES;
				CLANG_WARN_ENUM_CONVERSION = YES;
				CLANG_WARN_INFINITE_RECURSION = YES;
				CLANG_WARN_INT_CONVERSION = YES;
				CLANG_WARN_NON_LITERAL_NULL_CONVERSION = YES;
				CLANG_WARN_OBJC_IMPLICIT_RETAIN_SELF = YES;
				CLANG_WARN_OBJC_LITERAL_CONVERSION = YES;
				CLANG_WARN_OBJC_ROOT_CLASS = YES_ERROR;
				CLANG_WARN_QUOTED_INCLUDE_IN_FRAMEWORK_HEADER = YES;
				CLANG_WARN_RANGE_LOOP_ANALYSIS = YES;
				CLANG_WARN_STRICT_PROTOTYPES = YES;
				CLANG_WARN_SUSPICIOUS_MOVE = YES;
				CLANG_WARN_UNGUARDED_AVAILABILITY = YES_AGGRESSIVE;
				CLANG_WARN_UNREACHABLE_CODE = YES;
				CLANG_WARN__DUPLICATE_METHOD_MATCH = YES;
				COPY_PHASE_STRIP = NO;
				DEBUG_INFORMATION_FORMAT = dwarf;
				ENABLE_STRICT_OBJC_MSGSEND = YES;
				ENABLE_TESTABILITY = YES;
				GCC_C_LANGUAGE_STANDARD = gnu11;
				GCC_DYNAMIC_NO_PIC = NO;
				GCC_NO_COMMON_BLOCKS = YES;
				GCC_OPTIMIZATION_LEVEL = 0;
				GCC_PREPROCESSOR_DEFINITIONS = (
					"DEBUG=1",
					"$(inherited)",
				);
				GCC_WARN_64_TO_32_BIT_CONVERSION = YES;
				GCC_WARN_ABOUT_RETURN_TYPE = YES_ERROR;
				GCC_WARN_UNDECLARED_SELECTOR = YES;
				GCC_WARN_UNINITIALIZED_AUTOS = YES_AGGRESSIVE;
				GCC_WARN_UNUSED_FUNCTION = YES;
				GCC_WARN_UNUSED_VARIABLE = YES;
				IPHONEOS_DEPLOYMENT_TARGET = 16.2;
				MTL_ENABLE_DEBUG_INFO = INCLUDE_SOURCE;
				MTL_FAST_MATH = YES;
				ONLY_ACTIVE_ARCH = YES;
				SDKROOT = iphoneos;
				SWIFT_ACTIVE_COMPILATION_CONDITIONS = DEBUG;
				SWIFT_OPTIMIZATION_LEVEL = "-Onone";
			};
			name = Debug;
		};
		B7BB2C0629EB13FC005D8FE9 /* Release */ = {
			isa = XCBuildConfiguration;
			buildSettings = {
				ALWAYS_SEARCH_USER_PATHS = NO;
				CLANG_ANALYZER_NONNULL = YES;
				CLANG_ANALYZER_NUMBER_OBJECT_CONVERSION = YES_AGGRESSIVE;
				CLANG_CXX_LANGUAGE_STANDARD = "gnu++20";
				CLANG_ENABLE_MODULES = YES;
				CLANG_ENABLE_OBJC_ARC = YES;
				CLANG_ENABLE_OBJC_WEAK = YES;
				CLANG_WARN_BLOCK_CAPTURE_AUTORELEASING = YES;
				CLANG_WARN_BOOL_CONVERSION = YES;
				CLANG_WARN_COMMA = YES;
				CLANG_WARN_CONSTANT_CONVERSION = YES;
				CLANG_WARN_DEPRECATED_OBJC_IMPLEMENTATIONS = YES;
				CLANG_WARN_DIRECT_OBJC_ISA_USAGE = YES_ERROR;
				CLANG_WARN_DOCUMENTATION_COMMENTS = YES;
				CLANG_WARN_EMPTY_BODY = YES;
				CLANG_WARN_ENUM_CONVERSION = YES;
				CLANG_WARN_INFINITE_RECURSION = YES;
				CLANG_WARN_INT_CONVERSION = YES;
				CLANG_WARN_NON_LITERAL_NULL_CONVERSION = YES;
				CLANG_WARN_OBJC_IMPLICIT_RETAIN_SELF = YES;
				CLANG_WARN_OBJC_LITERAL_CONVERSION = YES;
				CLANG_WARN_OBJC_ROOT_CLASS = YES_ERROR;
				CLANG_WARN_QUOTED_INCLUDE_IN_FRAMEWORK_HEADER = YES;
				CLANG_WARN_RANGE_LOOP_ANALYSIS = YES;
				CLANG_WARN_STRICT_PROTOTYPES = YES;
				CLANG_WARN_SUSPICIOUS_MOVE = YES;
				CLANG_WARN_UNGUARDED_AVAILABILITY = YES_AGGRESSIVE;
				CLANG_WARN_UNREACHABLE_CODE = YES;
				CLANG_WARN__DUPLICATE_METHOD_MATCH = YES;
				COPY_PHASE_STRIP = NO;
				DEBUG_INFORMATION_FORMAT = "dwarf-with-dsym";
				ENABLE_NS_ASSERTIONS = NO;
				ENABLE_STRICT_OBJC_MSGSEND = YES;
				GCC_C_LANGUAGE_STANDARD = gnu11;
				GCC_NO_COMMON_BLOCKS = YES;
				GCC_WARN_64_TO_32_BIT_CONVERSION = YES;
				GCC_WARN_ABOUT_RETURN_TYPE = YES_ERROR;
				GCC_WARN_UNDECLARED_SELECTOR = YES;
				GCC_WARN_UNINITIALIZED_AUTOS = YES_AGGRESSIVE;
				GCC_WARN_UNUSED_FUNCTION = YES;
				GCC_WARN_UNUSED_VARIABLE = YES;
				IPHONEOS_DEPLOYMENT_TARGET = 16.2;
				MTL_ENABLE_DEBUG_INFO = NO;
				MTL_FAST_MATH = YES;
				SDKROOT = iphoneos;
				SWIFT_COMPILATION_MODE = wholemodule;
				SWIFT_OPTIMIZATION_LEVEL = "-O";
				VALIDATE_PRODUCT = YES;
			};
			name = Release;
		};
		B7BB2C0829EB13FC005D8FE9 /* Debug */ = {
			isa = XCBuildConfiguration;
			buildSettings = {
				ASSETCATALOG_COMPILER_APPICON_NAME = AppIcon;
				ASSETCATALOG_COMPILER_GLOBAL_ACCENT_COLOR_NAME = AccentColor;
				CODE_SIGN_STYLE = Automatic;
				CURRENT_PROJECT_VERSION = 1;
				DEVELOPMENT_TEAM = E7LWH9PU9H;
				GENERATE_INFOPLIST_FILE = YES;
				INFOPLIST_FILE = UIKitLearnings/Info.plist;
				INFOPLIST_KEY_CFBundleDisplayName = "Learn UIKit";
				INFOPLIST_KEY_NSCameraUsageDescription = "For AR";
				INFOPLIST_KEY_UIApplicationSupportsIndirectInputEvents = YES;
				INFOPLIST_KEY_UILaunchStoryboardName = LaunchScreen;
				INFOPLIST_KEY_UIMainStoryboardFile = Main;
				INFOPLIST_KEY_UISupportedInterfaceOrientations_iPad = "UIInterfaceOrientationPortrait UIInterfaceOrientationPortraitUpsideDown UIInterfaceOrientationLandscapeLeft UIInterfaceOrientationLandscapeRight";
				INFOPLIST_KEY_UISupportedInterfaceOrientations_iPhone = "UIInterfaceOrientationPortrait UIInterfaceOrientationLandscapeLeft UIInterfaceOrientationLandscapeRight";
				LD_RUNPATH_SEARCH_PATHS = (
					"$(inherited)",
					"@executable_path/Frameworks",
				);
				MARKETING_VERSION = 1.0;
				PRODUCT_BUNDLE_IDENTIFIER = com.saurabh.UIKitLearnings;
				PRODUCT_NAME = "$(TARGET_NAME)";
				SWIFT_EMIT_LOC_STRINGS = YES;
				SWIFT_VERSION = 5.0;
				TARGETED_DEVICE_FAMILY = "1,2";
			};
			name = Debug;
		};
		B7BB2C0929EB13FC005D8FE9 /* Release */ = {
			isa = XCBuildConfiguration;
			buildSettings = {
				ASSETCATALOG_COMPILER_APPICON_NAME = AppIcon;
				ASSETCATALOG_COMPILER_GLOBAL_ACCENT_COLOR_NAME = AccentColor;
				CODE_SIGN_STYLE = Automatic;
				CURRENT_PROJECT_VERSION = 1;
				DEVELOPMENT_TEAM = E7LWH9PU9H;
				GENERATE_INFOPLIST_FILE = YES;
				INFOPLIST_FILE = UIKitLearnings/Info.plist;
				INFOPLIST_KEY_CFBundleDisplayName = "Learn UIKit";
				INFOPLIST_KEY_NSCameraUsageDescription = "For AR";
				INFOPLIST_KEY_UIApplicationSupportsIndirectInputEvents = YES;
				INFOPLIST_KEY_UILaunchStoryboardName = LaunchScreen;
				INFOPLIST_KEY_UIMainStoryboardFile = Main;
				INFOPLIST_KEY_UISupportedInterfaceOrientations_iPad = "UIInterfaceOrientationPortrait UIInterfaceOrientationPortraitUpsideDown UIInterfaceOrientationLandscapeLeft UIInterfaceOrientationLandscapeRight";
				INFOPLIST_KEY_UISupportedInterfaceOrientations_iPhone = "UIInterfaceOrientationPortrait UIInterfaceOrientationLandscapeLeft UIInterfaceOrientationLandscapeRight";
				LD_RUNPATH_SEARCH_PATHS = (
					"$(inherited)",
					"@executable_path/Frameworks",
				);
				MARKETING_VERSION = 1.0;
				PRODUCT_BUNDLE_IDENTIFIER = com.saurabh.UIKitLearnings;
				PRODUCT_NAME = "$(TARGET_NAME)";
				SWIFT_EMIT_LOC_STRINGS = YES;
				SWIFT_VERSION = 5.0;
				TARGETED_DEVICE_FAMILY = "1,2";
			};
			name = Release;
		};
		B7BB2C0B29EB13FC005D8FE9 /* Debug */ = {
			isa = XCBuildConfiguration;
			buildSettings = {
				ALWAYS_EMBED_SWIFT_STANDARD_LIBRARIES = YES;
				BUNDLE_LOADER = "$(TEST_HOST)";
				CODE_SIGN_STYLE = Automatic;
				CURRENT_PROJECT_VERSION = 1;
				GENERATE_INFOPLIST_FILE = YES;
				IPHONEOS_DEPLOYMENT_TARGET = 16.2;
				MARKETING_VERSION = 1.0;
				PRODUCT_BUNDLE_IDENTIFIER = com.saurabh.UIKitLearningsTests;
				PRODUCT_NAME = "$(TARGET_NAME)";
				SWIFT_EMIT_LOC_STRINGS = NO;
				SWIFT_VERSION = 5.0;
				TARGETED_DEVICE_FAMILY = "1,2";
				TEST_HOST = "$(BUILT_PRODUCTS_DIR)/UIKitLearnings.app/$(BUNDLE_EXECUTABLE_FOLDER_PATH)/UIKitLearnings";
			};
			name = Debug;
		};
		B7BB2C0C29EB13FC005D8FE9 /* Release */ = {
			isa = XCBuildConfiguration;
			buildSettings = {
				ALWAYS_EMBED_SWIFT_STANDARD_LIBRARIES = YES;
				BUNDLE_LOADER = "$(TEST_HOST)";
				CODE_SIGN_STYLE = Automatic;
				CURRENT_PROJECT_VERSION = 1;
				GENERATE_INFOPLIST_FILE = YES;
				IPHONEOS_DEPLOYMENT_TARGET = 16.2;
				MARKETING_VERSION = 1.0;
				PRODUCT_BUNDLE_IDENTIFIER = com.saurabh.UIKitLearningsTests;
				PRODUCT_NAME = "$(TARGET_NAME)";
				SWIFT_EMIT_LOC_STRINGS = NO;
				SWIFT_VERSION = 5.0;
				TARGETED_DEVICE_FAMILY = "1,2";
				TEST_HOST = "$(BUILT_PRODUCTS_DIR)/UIKitLearnings.app/$(BUNDLE_EXECUTABLE_FOLDER_PATH)/UIKitLearnings";
			};
			name = Release;
		};
		B7BB2C0E29EB13FC005D8FE9 /* Debug */ = {
			isa = XCBuildConfiguration;
			buildSettings = {
				ALWAYS_EMBED_SWIFT_STANDARD_LIBRARIES = YES;
				CODE_SIGN_STYLE = Automatic;
				CURRENT_PROJECT_VERSION = 1;
				GENERATE_INFOPLIST_FILE = YES;
				MARKETING_VERSION = 1.0;
				PRODUCT_BUNDLE_IDENTIFIER = com.saurabh.UIKitLearningsUITests;
				PRODUCT_NAME = "$(TARGET_NAME)";
				SWIFT_EMIT_LOC_STRINGS = NO;
				SWIFT_VERSION = 5.0;
				TARGETED_DEVICE_FAMILY = "1,2";
				TEST_TARGET_NAME = UIKitLearnings;
			};
			name = Debug;
		};
		B7BB2C0F29EB13FC005D8FE9 /* Release */ = {
			isa = XCBuildConfiguration;
			buildSettings = {
				ALWAYS_EMBED_SWIFT_STANDARD_LIBRARIES = YES;
				CODE_SIGN_STYLE = Automatic;
				CURRENT_PROJECT_VERSION = 1;
				GENERATE_INFOPLIST_FILE = YES;
				MARKETING_VERSION = 1.0;
				PRODUCT_BUNDLE_IDENTIFIER = com.saurabh.UIKitLearningsUITests;
				PRODUCT_NAME = "$(TARGET_NAME)";
				SWIFT_EMIT_LOC_STRINGS = NO;
				SWIFT_VERSION = 5.0;
				TARGETED_DEVICE_FAMILY = "1,2";
				TEST_TARGET_NAME = UIKitLearnings;
			};
			name = Release;
		};
/* End XCBuildConfiguration section */

/* Begin XCConfigurationList section */
		B7BB2BD529EB13F6005D8FE9 /* Build configuration list for PBXProject "UIKitLearnings" */ = {
			isa = XCConfigurationList;
			buildConfigurations = (
				B7BB2C0529EB13FC005D8FE9 /* Debug */,
				B7BB2C0629EB13FC005D8FE9 /* Release */,
			);
			defaultConfigurationIsVisible = 0;
			defaultConfigurationName = Release;
		};
		B7BB2C0729EB13FC005D8FE9 /* Build configuration list for PBXNativeTarget "UIKitLearnings" */ = {
			isa = XCConfigurationList;
			buildConfigurations = (
				B7BB2C0829EB13FC005D8FE9 /* Debug */,
				B7BB2C0929EB13FC005D8FE9 /* Release */,
			);
			defaultConfigurationIsVisible = 0;
			defaultConfigurationName = Release;
		};
		B7BB2C0A29EB13FC005D8FE9 /* Build configuration list for PBXNativeTarget "UIKitLearningsTests" */ = {
			isa = XCConfigurationList;
			buildConfigurations = (
				B7BB2C0B29EB13FC005D8FE9 /* Debug */,
				B7BB2C0C29EB13FC005D8FE9 /* Release */,
			);
			defaultConfigurationIsVisible = 0;
			defaultConfigurationName = Release;
		};
		B7BB2C0D29EB13FC005D8FE9 /* Build configuration list for PBXNativeTarget "UIKitLearningsUITests" */ = {
			isa = XCConfigurationList;
			buildConfigurations = (
				B7BB2C0E29EB13FC005D8FE9 /* Debug */,
				B7BB2C0F29EB13FC005D8FE9 /* Release */,
			);
			defaultConfigurationIsVisible = 0;
			defaultConfigurationName = Release;
		};
/* End XCConfigurationList section */

/* Begin XCVersionGroup section */
		B7BB2BE629EB13F7005D8FE9 /* UIKitLearnings.xcdatamodeld */ = {
			isa = XCVersionGroup;
			children = (
				B7BB2BE729EB13F7005D8FE9 /* UIKitLearnings.xcdatamodel */,
			);
			currentVersion = B7BB2BE729EB13F7005D8FE9 /* UIKitLearnings.xcdatamodel */;
			path = UIKitLearnings.xcdatamodeld;
			sourceTree = "<group>";
			versionGroupType = wrapper.xcdatamodel;
		};
/* End XCVersionGroup section */
	};
	rootObject = B7BB2BD229EB13F6005D8FE9 /* Project object */;
}
