{
  "originHash" : "34b8b732fb6fbad395b01b3f79c493c4b63b8e57b47c9617af7ac4fdaa0f749e",
  "pins" : [
    {
      "identity" : "alamofire",
      "kind" : "remoteSourceControl",
      "location" : "https://github.com/Alamofire/Alamofire.git",
      "state" : {
        "revision" : "3dc6a42c7727c49bf26508e29b0a0b35f9c7e1ad",
        "version" : "5.8.1"
      }
    },
    {
      "identity" : "swift-uikit-lib",
      "kind" : "remoteSourceControl",
      "location" : "git@github.com:saurabh1088/swift-uikit-lib.git",
      "state" : {
        "branch" : "main",
        "revision" : "195283f4c1de39d8f75645f77c7f275379f10c1e"
      }
    }
  ],
  "version" : 3
}
